
Microsoft Visual Studio Solution File, Format Version 12.00
# Visual Studio Version 16
VisualStudioVersion = 16.0.30309.148
MinimumVisualStudioVersion = 10.0.40219.1
Project("{FAE04EC0-301F-11D3-BF4B-00C04F79EFBC}") = "WebAdvert.SearchWorker", "WebAdvert.SearchWorker\WebAdvert.SearchWorker.csproj", "{6206CAA5-88AD-47DA-8F62-FE2012DF9CB4}"
EndProject
Global
	GlobalSection(SolutionConfigurationPlatforms) = preSolution
		Debug|Any CPU = Debug|Any CPU
		Release|Any CPU = Release|Any CPU
	EndGlobalSection
	GlobalSection(ProjectConfigurationPlatforms) = postSolution
		{6206CAA5-88AD-47DA-8F62-FE2012DF9CB4}.Debug|Any CPU.ActiveCfg = Debug|Any CPU
		{6206CAA5-88AD-47DA-8F62-FE2012DF9CB4}.Debug|Any CPU.Build.0 = Debug|Any CPU
		{6206CAA5-88AD-47DA-8F62-FE2012DF9CB4}.Release|Any CPU.ActiveCfg = Release|Any CPU
		{6206CAA5-88AD-47DA-8F62-FE2012DF9CB4}.Release|Any CPU.Build.0 = Release|Any CPU
	EndGlobalSection
	GlobalSection(SolutionProperties) = preSolution
		HideSolutionNode = FALSE
	EndGlobalSection
	GlobalSection(ExtensibilityGlobals) = postSolution
		SolutionGuid = {6F4B8B07-9AB5-4F80-A9AE-DB7CC5AB112B}
	EndGlobalSection
EndGlobal
